
Microsoft Visual Studio Solution File, Format Version 12.00
# Visual Studio Version 17
VisualStudioVersion = 17.11.35327.3
MinimumVisualStudioVersion = 10.0.40219.1
Project("{FAE04EC0-301F-11D3-BF4B-00C04F79EFBC}") = "CCAD16_Assignment1_1_2", "CCAD16_Assignment1_1_2.csproj", "{30F81F52-DBAC-4603-9042-DCA19DADA0C3}"
EndProject
Global
	GlobalSection(SolutionConfigurationPlatforms) = preSolution
		Debug|Any CPU = Debug|Any CPU
		Release|Any CPU = Release|Any CPU
	EndGlobalSection
	GlobalSection(ProjectConfigurationPlatforms) = postSolution
		{30F81F52-DBAC-4603-9042-DCA19DADA0C3}.Debug|Any CPU.ActiveCfg = Debug|Any CPU
		{30F81F52-DBAC-4603-9042-DCA19DADA0C3}.Debug|Any CPU.Build.0 = Debug|Any CPU
		{30F81F52-DBAC-4603-9042-DCA19DADA0C3}.Release|Any CPU.ActiveCfg = Release|Any CPU
		{30F81F52-DBAC-4603-9042-DCA19DADA0C3}.Release|Any CPU.Build.0 = Release|Any CPU
	EndGlobalSection
	GlobalSection(SolutionProperties) = preSolution
		HideSolutionNode = FALSE
	EndGlobalSection
	GlobalSection(ExtensibilityGlobals) = postSolution
		SolutionGuid = {C18D2A1E-741F-4DFF-8C4D-BA3329329A5D}
	EndGlobalSection
EndGlobal
